{
  "name": "prof_dev_notes",
  "lockfileVersion": 2,
  "requires": true,
  "packages": {
    "": {
      "dependencies": {
        "docsify-katex": "^2.0.2"
      }
    },
    "node_modules/docsify-katex": {
      "version": "2.0.2",
      "resolved": "https://registry.npmjs.org/docsify-katex/-/docsify-katex-2.0.2.tgz",
      "integrity": "sha512-k0UNsAG+xsJxOtLSO+DfI6qLAZbHBEbnZHwfJy3mDUcOt9AL/tapqeVN4RV6ZFgKj9iV0lduaSsMSmHK61+YbQ=="
    }
  },
  "dependencies": {
    "docsify-katex": {
      "version": "2.0.2",
      "resolved": "https://registry.npmjs.org/docsify-katex/-/docsify-katex-2.0.2.tgz",
      "integrity": "sha512-k0UNsAG+xsJxOtLSO+DfI6qLAZbHBEbnZHwfJy3mDUcOt9AL/tapqeVN4RV6ZFgKj9iV0lduaSsMSmHK61+YbQ=="
    }
  }
}
